
Microsoft Visual Studio Solution File, Format Version 12.00
# Visual Studio Version 17
VisualStudioVersion = 17.4.33213.308
MinimumVisualStudioVersion = 10.0.40219.1
Project("{FAE04EC0-301F-11D3-BF4B-00C04F79EFBC}") = "ThomsoloMVCApp", "ThomsoloMVCApp.csproj", "{66AC5556-0EB7-41F3-8B93-3A56F73C05AE}"
EndProject
Global
	GlobalSection(SolutionConfigurationPlatforms) = preSolution
		Debug|Any CPU = Debug|Any CPU
		Release|Any CPU = Release|Any CPU
	EndGlobalSection
	GlobalSection(ProjectConfigurationPlatforms) = postSolution
		{66AC5556-0EB7-41F3-8B93-3A56F73C05AE}.Debug|Any CPU.ActiveCfg = Debug|Any CPU
		{66AC5556-0EB7-41F3-8B93-3A56F73C05AE}.Debug|Any CPU.Build.0 = Debug|Any CPU
		{66AC5556-0EB7-41F3-8B93-3A56F73C05AE}.Release|Any CPU.ActiveCfg = Release|Any CPU
		{66AC5556-0EB7-41F3-8B93-3A56F73C05AE}.Release|Any CPU.Build.0 = Release|Any CPU
	EndGlobalSection
	GlobalSection(SolutionProperties) = preSolution
		HideSolutionNode = FALSE
	EndGlobalSection
	GlobalSection(ExtensibilityGlobals) = postSolution
		SolutionGuid = {795DFD38-BD14-4219-85C4-740F72B27F41}
	EndGlobalSection
EndGlobal
